
Microsoft Visual Studio Solution File, Format Version 12.00
# Visual Studio 14
VisualStudioVersion = 14.0.25420.1
MinimumVisualStudioVersion = 10.0.40219.1
Project("{FAE04EC0-301F-11D3-BF4B-00C04F79EFBC}") = "Basic", "Basic\Basic.csproj", "{B1F2F9DB-BEC4-4CF1-AB35-4158E39D5643}"
EndProject
Project("{FAE04EC0-301F-11D3-BF4B-00C04F79EFBC}") = "WinFormsMvp", "..\..\Src\WinFormsMvp\WinFormsMvp.csproj", "{F211DF11-2B89-4FFC-A9B8-4BA9CDF41A9F}"
EndProject
Project("{2150E333-8FDC-42A3-9474-1A3956D46DE8}") = "Solution Items", "Solution Items", "{3FFB8FAE-BDCE-4571-B254-AC3CA69A5B22}"
EndProject
Global
	GlobalSection(SolutionConfigurationPlatforms) = preSolution
		Debug|Any CPU = Debug|Any CPU
		Release|Any CPU = Release|Any CPU
	EndGlobalSection
	GlobalSection(ProjectConfigurationPlatforms) = postSolution
		{B1F2F9DB-BEC4-4CF1-AB35-4158E39D5643}.Debug|Any CPU.ActiveCfg = Debug|Any CPU
		{B1F2F9DB-BEC4-4CF1-AB35-4158E39D5643}.Debug|Any CPU.Build.0 = Debug|Any CPU
		{B1F2F9DB-BEC4-4CF1-AB35-4158E39D5643}.Release|Any CPU.ActiveCfg = Release|Any CPU
		{B1F2F9DB-BEC4-4CF1-AB35-4158E39D5643}.Release|Any CPU.Build.0 = Release|Any CPU
		{F211DF11-2B89-4FFC-A9B8-4BA9CDF41A9F}.Debug|Any CPU.ActiveCfg = Debug|Any CPU
		{F211DF11-2B89-4FFC-A9B8-4BA9CDF41A9F}.Debug|Any CPU.Build.0 = Debug|Any CPU
		{F211DF11-2B89-4FFC-A9B8-4BA9CDF41A9F}.Release|Any CPU.ActiveCfg = Release|Any CPU
		{F211DF11-2B89-4FFC-A9B8-4BA9CDF41A9F}.Release|Any CPU.Build.0 = Release|Any CPU
	EndGlobalSection
	GlobalSection(SolutionProperties) = preSolution
		HideSolutionNode = FALSE
	EndGlobalSection
EndGlobal
